
Microsoft Visual Studio Solution File, Format Version 12.00
# Visual Studio Version 16
VisualStudioVersion = 16.0.33214.272
MinimumVisualStudioVersion = 10.0.40219.1
Project("{8BC9CEB8-8B4A-11D0-8D11-00A0C91BC942}") = "start", "start\start.vcxproj", "{FC03654C-4D2A-4416-9A96-84F6301CB077}"
EndProject
Project("{8BC9CEB8-8B4A-11D0-8D11-00A0C91BC942}") = "TAPdll", "TAPdll\TAPdll.vcxproj", "{C570CD20-B534-44BD-9989-CCB64AC1102E}"
EndProject
Global
	GlobalSection(SolutionConfigurationPlatforms) = preSolution
		Debug|x64 = Debug|x64
		Debug|x86 = Debug|x86
		Release|x64 = Release|x64
		Release|x86 = Release|x86
	EndGlobalSection
	GlobalSection(ProjectConfigurationPlatforms) = postSolution
		{FC03654C-4D2A-4416-9A96-84F6301CB077}.Debug|x64.ActiveCfg = Debug|x64
		{FC03654C-4D2A-4416-9A96-84F6301CB077}.Debug|x64.Build.0 = Debug|x64
		{FC03654C-4D2A-4416-9A96-84F6301CB077}.Debug|x86.ActiveCfg = Debug|Win32
		{FC03654C-4D2A-4416-9A96-84F6301CB077}.Debug|x86.Build.0 = Debug|Win32
		{FC03654C-4D2A-4416-9A96-84F6301CB077}.Release|x64.ActiveCfg = Release|x64
		{FC03654C-4D2A-4416-9A96-84F6301CB077}.Release|x64.Build.0 = Release|x64
		{FC03654C-4D2A-4416-9A96-84F6301CB077}.Release|x86.ActiveCfg = Release|Win32
		{FC03654C-4D2A-4416-9A96-84F6301CB077}.Release|x86.Build.0 = Release|Win32
		{C570CD20-B534-44BD-9989-CCB64AC1102E}.Debug|x64.ActiveCfg = Debug|x64
		{C570CD20-B534-44BD-9989-CCB64AC1102E}.Debug|x64.Build.0 = Debug|x64
		{C570CD20-B534-44BD-9989-CCB64AC1102E}.Debug|x86.ActiveCfg = Debug|Win32
		{C570CD20-B534-44BD-9989-CCB64AC1102E}.Debug|x86.Build.0 = Debug|Win32
		{C570CD20-B534-44BD-9989-CCB64AC1102E}.Release|x64.ActiveCfg = Release|x64
		{C570CD20-B534-44BD-9989-CCB64AC1102E}.Release|x64.Build.0 = Release|x64
		{C570CD20-B534-44BD-9989-CCB64AC1102E}.Release|x86.ActiveCfg = Release|Win32
		{C570CD20-B534-44BD-9989-CCB64AC1102E}.Release|x86.Build.0 = Release|Win32
	EndGlobalSection
	GlobalSection(SolutionProperties) = preSolution
		HideSolutionNode = FALSE
	EndGlobalSection
	GlobalSection(ExtensibilityGlobals) = postSolution
		SolutionGuid = {FA4E1F77-69D0-4CEA-8052-55FD3A1FD000}
	EndGlobalSection
EndGlobal
